
Microsoft Visual Studio Solution File, Format Version 12.00
# Visual Studio Version 17
VisualStudioVersion = 17.5.33516.290
MinimumVisualStudioVersion = 10.0.40219.1
Project("{9A19103F-16F7-4668-BE54-9A1E7A4F7556}") = "AdventOfCode.Day1", "AdventOfCode.Day1\AdventOfCode.Day1.csproj", "{640979F6-9B03-4AF3-89CB-98BC2A5E5F68}"
EndProject
Project("{9A19103F-16F7-4668-BE54-9A1E7A4F7556}") = "AdventOfCode.Day2", "AdventOfCode.Day2\AdventOfCode.Day2.csproj", "{3A3D78B6-6E49-460B-9FC3-71AB7052A5E8}"
EndProject
Project("{9A19103F-16F7-4668-BE54-9A1E7A4F7556}") = "AdventOfCode.Day3", "AdventOfCode.Day3\AdventOfCode.Day3.csproj", "{DCB63BDA-1B17-4B32-8DA4-F0AA7C824D2B}"
EndProject
Project("{9A19103F-16F7-4668-BE54-9A1E7A4F7556}") = "AdventOfCode.Day4", "AdventOfCode.Day4\AdventOfCode.Day4.csproj", "{53A83923-9493-4265-B81F-513EB87DEFD9}"
EndProject
Project("{FAE04EC0-301F-11D3-BF4B-00C04F79EFBC}") = "AdventOfCode.Day5", "AdventOfCode.Day5\AdventOfCode.Day5.csproj", "{C2C42AFA-0B8E-465B-ABAE-A41CC4E6584F}"
EndProject
Project("{FAE04EC0-301F-11D3-BF4B-00C04F79EFBC}") = "AdventOfCode.Day6", "AdventOfCode.Day6\AdventOfCode.Day6.csproj", "{8AAE29B7-55D4-4211-B352-08E4501E7A84}"
EndProject
Project("{FAE04EC0-301F-11D3-BF4B-00C04F79EFBC}") = "AdventOfCode.Day7", "AdventOfCode.Day7\AdventOfCode.Day7.csproj", "{1D379E47-FC94-4228-80CE-1E6FB9C07F6E}"
EndProject
Global
	GlobalSection(SolutionConfigurationPlatforms) = preSolution
		Debug|Any CPU = Debug|Any CPU
		Release|Any CPU = Release|Any CPU
	EndGlobalSection
	GlobalSection(ProjectConfigurationPlatforms) = postSolution
		{640979F6-9B03-4AF3-89CB-98BC2A5E5F68}.Debug|Any CPU.ActiveCfg = Debug|Any CPU
		{640979F6-9B03-4AF3-89CB-98BC2A5E5F68}.Debug|Any CPU.Build.0 = Debug|Any CPU
		{640979F6-9B03-4AF3-89CB-98BC2A5E5F68}.Release|Any CPU.ActiveCfg = Release|Any CPU
		{640979F6-9B03-4AF3-89CB-98BC2A5E5F68}.Release|Any CPU.Build.0 = Release|Any CPU
		{3A3D78B6-6E49-460B-9FC3-71AB7052A5E8}.Debug|Any CPU.ActiveCfg = Debug|Any CPU
		{3A3D78B6-6E49-460B-9FC3-71AB7052A5E8}.Debug|Any CPU.Build.0 = Debug|Any CPU
		{3A3D78B6-6E49-460B-9FC3-71AB7052A5E8}.Release|Any CPU.ActiveCfg = Release|Any CPU
		{3A3D78B6-6E49-460B-9FC3-71AB7052A5E8}.Release|Any CPU.Build.0 = Release|Any CPU
		{DCB63BDA-1B17-4B32-8DA4-F0AA7C824D2B}.Debug|Any CPU.ActiveCfg = Debug|Any CPU
		{DCB63BDA-1B17-4B32-8DA4-F0AA7C824D2B}.Debug|Any CPU.Build.0 = Debug|Any CPU
		{DCB63BDA-1B17-4B32-8DA4-F0AA7C824D2B}.Release|Any CPU.ActiveCfg = Release|Any CPU
		{DCB63BDA-1B17-4B32-8DA4-F0AA7C824D2B}.Release|Any CPU.Build.0 = Release|Any CPU
		{53A83923-9493-4265-B81F-513EB87DEFD9}.Debug|Any CPU.ActiveCfg = Debug|Any CPU
		{53A83923-9493-4265-B81F-513EB87DEFD9}.Debug|Any CPU.Build.0 = Debug|Any CPU
		{53A83923-9493-4265-B81F-513EB87DEFD9}.Release|Any CPU.ActiveCfg = Release|Any CPU
		{53A83923-9493-4265-B81F-513EB87DEFD9}.Release|Any CPU.Build.0 = Release|Any CPU
		{C2C42AFA-0B8E-465B-ABAE-A41CC4E6584F}.Debug|Any CPU.ActiveCfg = Debug|Any CPU
		{C2C42AFA-0B8E-465B-ABAE-A41CC4E6584F}.Debug|Any CPU.Build.0 = Debug|Any CPU
		{C2C42AFA-0B8E-465B-ABAE-A41CC4E6584F}.Release|Any CPU.ActiveCfg = Release|Any CPU
		{C2C42AFA-0B8E-465B-ABAE-A41CC4E6584F}.Release|Any CPU.Build.0 = Release|Any CPU
		{8AAE29B7-55D4-4211-B352-08E4501E7A84}.Debug|Any CPU.ActiveCfg = Debug|Any CPU
		{8AAE29B7-55D4-4211-B352-08E4501E7A84}.Debug|Any CPU.Build.0 = Debug|Any CPU
		{8AAE29B7-55D4-4211-B352-08E4501E7A84}.Release|Any CPU.ActiveCfg = Release|Any CPU
		{8AAE29B7-55D4-4211-B352-08E4501E7A84}.Release|Any CPU.Build.0 = Release|Any CPU
		{1D379E47-FC94-4228-80CE-1E6FB9C07F6E}.Debug|Any CPU.ActiveCfg = Debug|Any CPU
		{1D379E47-FC94-4228-80CE-1E6FB9C07F6E}.Debug|Any CPU.Build.0 = Debug|Any CPU
		{1D379E47-FC94-4228-80CE-1E6FB9C07F6E}.Release|Any CPU.ActiveCfg = Release|Any CPU
		{1D379E47-FC94-4228-80CE-1E6FB9C07F6E}.Release|Any CPU.Build.0 = Release|Any CPU
	EndGlobalSection
	GlobalSection(SolutionProperties) = preSolution
		HideSolutionNode = FALSE
	EndGlobalSection
	GlobalSection(ExtensibilityGlobals) = postSolution
		SolutionGuid = {EB1AA292-E6CA-4FE1-BCE3-E6B59EE4E355}
	EndGlobalSection
EndGlobal
