
Microsoft Visual Studio Solution File, Format Version 12.00
# Visual Studio Version 17
VisualStudioVersion = 17.5.33516.290
MinimumVisualStudioVersion = 10.0.40219.1
Project("{FAE04EC0-301F-11D3-BF4B-00C04F79EFBC}") = "AdventOfCode.Day1", "AdventOfCode.Day1\AdventOfCode.Day1.csproj", "{640979F6-9B03-4AF3-89CB-98BC2A5E5F68}"
EndProject
Global
	GlobalSection(SolutionConfigurationPlatforms) = preSolution
		Debug|Any CPU = Debug|Any CPU
		Release|Any CPU = Release|Any CPU
	EndGlobalSection
	GlobalSection(ProjectConfigurationPlatforms) = postSolution
		{640979F6-9B03-4AF3-89CB-98BC2A5E5F68}.Debug|Any CPU.ActiveCfg = Debug|Any CPU
		{640979F6-9B03-4AF3-89CB-98BC2A5E5F68}.Debug|Any CPU.Build.0 = Debug|Any CPU
		{640979F6-9B03-4AF3-89CB-98BC2A5E5F68}.Release|Any CPU.ActiveCfg = Release|Any CPU
		{640979F6-9B03-4AF3-89CB-98BC2A5E5F68}.Release|Any CPU.Build.0 = Release|Any CPU
	EndGlobalSection
	GlobalSection(SolutionProperties) = preSolution
		HideSolutionNode = FALSE
	EndGlobalSection
	GlobalSection(ExtensibilityGlobals) = postSolution
		SolutionGuid = {EB1AA292-E6CA-4FE1-BCE3-E6B59EE4E355}
	EndGlobalSection
EndGlobal
